
Microsoft Visual Studio Solution File, Format Version 12.00
# Visual Studio Version 17
VisualStudioVersion = 17.13.35507.96
MinimumVisualStudioVersion = 10.0.40219.1
Project("{2150E333-8FDC-42A3-9474-1A3956D46DE8}") = "CadoChat.API_Gateway", "CadoChat.API_Gateway", "{36D591C7-65C7-A0D1-1CBC-10CDE441BDC8}"
EndProject
Project("{FAE04EC0-301F-11D3-BF4B-00C04F79EFBC}") = "CudoChat.API_Gateway", "CadoChat.API_Gateway\CudoChat.API_Gateway\CudoChat.API_Gateway.csproj", "{D1DB828F-335D-4F73-A34C-4C306D9F6E92}"
EndProject
Project("{2150E333-8FDC-42A3-9474-1A3956D46DE8}") = "CadoChat.Auth", "CadoChat.Auth", "{68506DB0-E68A-4490-8A03-19CB210C3EEE}"
EndProject
Project("{FAE04EC0-301F-11D3-BF4B-00C04F79EFBC}") = "CadoChat.AuthService", "CadoChat.Auth\CadoChat.AuthService\CadoChat.AuthService.csproj", "{224785A4-CD01-4C11-8F8B-7E2F3E45AA3E}"
EndProject
Project("{2150E333-8FDC-42A3-9474-1A3956D46DE8}") = "CadoChat.Chat", "CadoChat.Chat", "{17E88608-D737-4855-9919-25A089A24DB4}"
EndProject
Project("{FAE04EC0-301F-11D3-BF4B-00C04F79EFBC}") = "CadoChat.ChatService", "CadoChat.Chat\CadoChat.ChatService\CadoChat.ChatService.csproj", "{A26D6293-85D3-4817-AE03-D62F660ED203}"
EndProject
Project("{2150E333-8FDC-42A3-9474-1A3956D46DE8}") = "CadoChat.Security", "CadoChat.Security", "{ED21670B-4021-4ACF-A23E-4557B3420DA0}"
EndProject
Project("{FAE04EC0-301F-11D3-BF4B-00C04F79EFBC}") = "CadoChat.AuthManager", "CadoChat.Auth\CadoChat.AuthManager\CadoChat.AuthManager.csproj", "{4BFD42B1-202B-48F9-BCB7-D9CB15153856}"
EndProject
Project("{FAE04EC0-301F-11D3-BF4B-00C04F79EFBC}") = "CadoChat.Security.Validation", "CadoChat.Security\CadoChat.Security.Validation\CadoChat.Security.Validation.csproj", "{676692AB-804B-4F14-8D56-B1FF17E0C49F}"
EndProject
Project("{FAE04EC0-301F-11D3-BF4B-00C04F79EFBC}") = "CadoChat.Security.Authentication", "CadoChat.Security\CadoChat.Security.Authentication\CadoChat.Security.Authentication.csproj", "{BA501016-82A0-4516-95D7-A8D4234897B9}"
EndProject
Project("{FAE04EC0-301F-11D3-BF4B-00C04F79EFBC}") = "CadoChat.Web.AspNetCore", "CadoChat.Web\CadoChat.Web.AspNetCore\CadoChat.Web.AspNetCore.csproj", "{1B1E82AB-031E-4BFD-96D7-2783960F8710}"
EndProject
Project("{FAE04EC0-301F-11D3-BF4B-00C04F79EFBC}") = "CadoChat.Security.APIGateway", "CadoChat.Security\CadoChat.Security.APIGateway\CadoChat.Security.APIGateway.csproj", "{216F702D-C8FF-4369-AA04-1B29C5237CCA}"
EndProject
Project("{2150E333-8FDC-42A3-9474-1A3956D46DE8}") = "CadoChat.Web", "CadoChat.Web", "{D34AC1D2-6158-4F47-B0DB-60ADC8732723}"
EndProject
Global
	GlobalSection(SolutionConfigurationPlatforms) = preSolution
		Debug|Any CPU = Debug|Any CPU
		Release|Any CPU = Release|Any CPU
	EndGlobalSection
	GlobalSection(ProjectConfigurationPlatforms) = postSolution
		{D1DB828F-335D-4F73-A34C-4C306D9F6E92}.Debug|Any CPU.ActiveCfg = Debug|Any CPU
		{D1DB828F-335D-4F73-A34C-4C306D9F6E92}.Debug|Any CPU.Build.0 = Debug|Any CPU
		{D1DB828F-335D-4F73-A34C-4C306D9F6E92}.Release|Any CPU.ActiveCfg = Release|Any CPU
		{D1DB828F-335D-4F73-A34C-4C306D9F6E92}.Release|Any CPU.Build.0 = Release|Any CPU
		{224785A4-CD01-4C11-8F8B-7E2F3E45AA3E}.Debug|Any CPU.ActiveCfg = Debug|Any CPU
		{224785A4-CD01-4C11-8F8B-7E2F3E45AA3E}.Debug|Any CPU.Build.0 = Debug|Any CPU
		{224785A4-CD01-4C11-8F8B-7E2F3E45AA3E}.Release|Any CPU.ActiveCfg = Release|Any CPU
		{224785A4-CD01-4C11-8F8B-7E2F3E45AA3E}.Release|Any CPU.Build.0 = Release|Any CPU
		{A26D6293-85D3-4817-AE03-D62F660ED203}.Debug|Any CPU.ActiveCfg = Debug|Any CPU
		{A26D6293-85D3-4817-AE03-D62F660ED203}.Debug|Any CPU.Build.0 = Debug|Any CPU
		{A26D6293-85D3-4817-AE03-D62F660ED203}.Release|Any CPU.ActiveCfg = Release|Any CPU
		{A26D6293-85D3-4817-AE03-D62F660ED203}.Release|Any CPU.Build.0 = Release|Any CPU
		{4BFD42B1-202B-48F9-BCB7-D9CB15153856}.Debug|Any CPU.ActiveCfg = Debug|Any CPU
		{4BFD42B1-202B-48F9-BCB7-D9CB15153856}.Debug|Any CPU.Build.0 = Debug|Any CPU
		{4BFD42B1-202B-48F9-BCB7-D9CB15153856}.Release|Any CPU.ActiveCfg = Release|Any CPU
		{4BFD42B1-202B-48F9-BCB7-D9CB15153856}.Release|Any CPU.Build.0 = Release|Any CPU
		{676692AB-804B-4F14-8D56-B1FF17E0C49F}.Debug|Any CPU.ActiveCfg = Debug|Any CPU
		{676692AB-804B-4F14-8D56-B1FF17E0C49F}.Debug|Any CPU.Build.0 = Debug|Any CPU
		{676692AB-804B-4F14-8D56-B1FF17E0C49F}.Release|Any CPU.ActiveCfg = Release|Any CPU
		{676692AB-804B-4F14-8D56-B1FF17E0C49F}.Release|Any CPU.Build.0 = Release|Any CPU
		{BA501016-82A0-4516-95D7-A8D4234897B9}.Debug|Any CPU.ActiveCfg = Debug|Any CPU
		{BA501016-82A0-4516-95D7-A8D4234897B9}.Debug|Any CPU.Build.0 = Debug|Any CPU
		{BA501016-82A0-4516-95D7-A8D4234897B9}.Release|Any CPU.ActiveCfg = Release|Any CPU
		{BA501016-82A0-4516-95D7-A8D4234897B9}.Release|Any CPU.Build.0 = Release|Any CPU
		{1B1E82AB-031E-4BFD-96D7-2783960F8710}.Debug|Any CPU.ActiveCfg = Debug|Any CPU
		{1B1E82AB-031E-4BFD-96D7-2783960F8710}.Debug|Any CPU.Build.0 = Debug|Any CPU
		{1B1E82AB-031E-4BFD-96D7-2783960F8710}.Release|Any CPU.ActiveCfg = Release|Any CPU
		{1B1E82AB-031E-4BFD-96D7-2783960F8710}.Release|Any CPU.Build.0 = Release|Any CPU
		{216F702D-C8FF-4369-AA04-1B29C5237CCA}.Debug|Any CPU.ActiveCfg = Debug|Any CPU
		{216F702D-C8FF-4369-AA04-1B29C5237CCA}.Debug|Any CPU.Build.0 = Debug|Any CPU
		{216F702D-C8FF-4369-AA04-1B29C5237CCA}.Release|Any CPU.ActiveCfg = Release|Any CPU
		{216F702D-C8FF-4369-AA04-1B29C5237CCA}.Release|Any CPU.Build.0 = Release|Any CPU
	EndGlobalSection
	GlobalSection(SolutionProperties) = preSolution
		HideSolutionNode = FALSE
	EndGlobalSection
	GlobalSection(NestedProjects) = preSolution
		{D1DB828F-335D-4F73-A34C-4C306D9F6E92} = {36D591C7-65C7-A0D1-1CBC-10CDE441BDC8}
		{224785A4-CD01-4C11-8F8B-7E2F3E45AA3E} = {68506DB0-E68A-4490-8A03-19CB210C3EEE}
		{A26D6293-85D3-4817-AE03-D62F660ED203} = {17E88608-D737-4855-9919-25A089A24DB4}
		{4BFD42B1-202B-48F9-BCB7-D9CB15153856} = {68506DB0-E68A-4490-8A03-19CB210C3EEE}
		{676692AB-804B-4F14-8D56-B1FF17E0C49F} = {ED21670B-4021-4ACF-A23E-4557B3420DA0}
		{BA501016-82A0-4516-95D7-A8D4234897B9} = {ED21670B-4021-4ACF-A23E-4557B3420DA0}
		{1B1E82AB-031E-4BFD-96D7-2783960F8710} = {D34AC1D2-6158-4F47-B0DB-60ADC8732723}
		{216F702D-C8FF-4369-AA04-1B29C5237CCA} = {ED21670B-4021-4ACF-A23E-4557B3420DA0}
	EndGlobalSection
	GlobalSection(ExtensibilityGlobals) = postSolution
		SolutionGuid = {8FCB0A17-A169-4FEB-8A30-57BCD1507F3A}
	EndGlobalSection
EndGlobal
